# Generated by conda-lock.
# platform: linux-64
# input_hash: 185941376767905fedb0af8d2f25978c303ccc2eda81d1c109c46255827a9dbb
@EXPLICIT
https://repo.anaconda.com/pkgs/main/linux-64/_pytorch_select-0.1-cpu_0.conda#1ee08ed0f245ff0fad27d2227f0fc974
https://conda.anaconda.org/conda-forge/linux-64/_libgcc_mutex-0.1-conda_forge.tar.bz2#d7c89558ba9fa0495403155b64376d81
https://repo.anaconda.com/pkgs/main/linux-64/ca-certificates-2021.10.26-h06a4308_2.conda#55d8c51214ce7b3ddf594da13848a122
https://repo.anaconda.com/pkgs/main/linux-64/intel-openmp-2019.4-243.conda#264d7675bc416bf7c1428ea2d48fa187
https://repo.anaconda.com/pkgs/main/linux-64/ld_impl_linux-64-2.35.1-h7274673_9.conda#dec20f7c8f9d5f1b293abd97b0f518ed
https://repo.anaconda.com/pkgs/main/linux-64/libgfortran4-7.5.0-ha8ba4b0_17.conda#e3883581cbf0a98672250c3e80d292bf
https://conda.anaconda.org/conda-forge/linux-64/libstdcxx-ng-11.2.0-he4da1e4_11.tar.bz2#0bf83958e788f1e75ba26154cb702afe
https://conda.anaconda.org/conda-forge/linux-64/llvm-openmp-12.0.1-h4bd325d_1.tar.bz2#9e6b84c1805fd0a182fcc32bd3f93e07
https://conda.anaconda.org/pytorch/noarch/pytorch-mutex-1.0-cuda.tar.bz2#a948316e36fb5b11223b3fcfa93f8358
https://repo.anaconda.com/pkgs/main/noarch/tzdata-2021e-hda174b7_0.conda#b4aabe2891554c7ca519606b879c0ecd
https://conda.anaconda.org/conda-forge/linux-64/_openmp_mutex-4.5-1_llvm.tar.bz2#fa8d764c883a53d22ce622bea830c818
https://repo.anaconda.com/pkgs/main/linux-64/libgfortran-ng-7.5.0-ha8ba4b0_17.conda#ecb35c8952579d5c8dc56c6e076ba948
https://conda.anaconda.org/conda-forge/linux-64/libgcc-ng-11.2.0-h1d223b6_11.tar.bz2#e3495f4f93cfd6b68021cbe2b5844cd5
https://conda.anaconda.org/conda-forge/linux-64/mkl-2020.2-256.tar.bz2#2e32081cc9500d149f2fee29f88b655d
https://conda.anaconda.org/conda-forge/linux-64/blas-1.0-mkl.tar.bz2#349aef876b1d8c9dccae01de20d5b385
https://repo.anaconda.com/pkgs/main/linux-64/brotli-1.0.9-he6710b0_2.conda#6513a2c97bd29ec2978d163c7e1f7932
https://repo.anaconda.com/pkgs/main/linux-64/bzip2-1.0.8-h7b6447c_0.conda#9303f4af7c004e069bae22bde8d800ee
https://repo.anaconda.com/pkgs/main/linux-64/cudatoolkit-11.3.1-h2bc3f7f_2.conda#ec7241a3939c49e0f071ff0409bb438f
https://repo.anaconda.com/pkgs/main/linux-64/expat-2.4.1-h2531618_2.conda#ae7edbb4278ee49e17a38d98444c6612
https://repo.anaconda.com/pkgs/main/linux-64/giflib-5.2.1-h7b6447c_0.conda#c2583ad8de5051f19479580c58336f15
https://repo.anaconda.com/pkgs/main/linux-64/gmp-6.2.1-h2531618_2.conda#2e73d31066d9abc951ad4fe55e70cb98
https://repo.anaconda.com/pkgs/main/linux-64/icu-58.2-he6710b0_3.conda#48cc14d5ad1a9bcd8dac17211a8deb8b
https://repo.anaconda.com/pkgs/main/linux-64/jpeg-9d-h7f8727e_0.conda#28bb4c75a1ef6e3d7100a383a6437318
https://repo.anaconda.com/pkgs/main/linux-64/lame-3.100-h7b6447c_0.conda#477799f2a31e72dd949fa5c043a409de
https://repo.anaconda.com/pkgs/main/linux-64/libffi-3.3-he6710b0_2.conda#88a54b8f50e351c650e16f4ee781440c
https://repo.anaconda.com/pkgs/main/linux-64/libiconv-1.15-h63c8f33_5.conda#55474411ba274f0c8385417a3e64e08f
https://repo.anaconda.com/pkgs/main/linux-64/libmklml-2019.0.5-0.conda#6ce7db8d95aeee05c5674af53419bbf8
https://repo.anaconda.com/pkgs/main/linux-64/libsodium-1.0.18-h7b6447c_0.conda#c8783b20f0e14bc1d701352c26c264d5
https://repo.anaconda.com/pkgs/main/linux-64/libtasn1-4.16.0-h27cfd23_0.conda#bcd9553465d04c838be32ac46ccbef09
https://repo.anaconda.com/pkgs/main/linux-64/libunistring-0.9.10-h27cfd23_0.conda#5b6ed6cd1b1ca3a383daef1d6464d02a
https://repo.anaconda.com/pkgs/main/linux-64/libuuid-1.0.3-h7f8727e_2.conda#6c4c9e96bfa4744d4839b9ed128e1114
https://repo.anaconda.com/pkgs/main/linux-64/libuv-1.40.0-h7b6447c_0.conda#bb1eff3862d3729995c38fc1f5d71ca4
https://repo.anaconda.com/pkgs/main/linux-64/libwebp-base-1.2.0-h27cfd23_0.conda#4d1ba466be28f57eeba2c341ae1390f4
https://repo.anaconda.com/pkgs/main/linux-64/libxcb-1.14-h7b6447c_0.conda#05811f2f9a9af28f3d7d665dca4d573e
https://repo.anaconda.com/pkgs/main/linux-64/lz4-c-1.9.3-h295c915_1.conda#d9bd18f73ff566e08add10a54a3463cf
https://repo.anaconda.com/pkgs/main/linux-64/ncurses-6.3-h7f8727e_2.conda#4edf660a09cc7adcb21120464b2a1783
https://repo.anaconda.com/pkgs/main/linux-64/openssl-1.1.1l-h7f8727e_0.conda#0e915dd5bd00c5684e84c59cf561b2af
https://repo.anaconda.com/pkgs/main/linux-64/pcre-8.45-h295c915_0.conda#b32ccc24d1d9808618c1e898da60f68d
https://repo.anaconda.com/pkgs/main/linux-64/xz-5.2.5-h7b6447c_0.conda#73a16ea8ba890175a1ce94a3a87c8f68
https://repo.anaconda.com/pkgs/main/linux-64/zlib-1.2.11-h7b6447c_3.conda#50aa4407424985d56ec8ae2f94626aa9
https://repo.anaconda.com/pkgs/main/linux-64/glib-2.69.1-h5202010_0.conda#d7336b2523170ce22669972f4f8c3a20
https://repo.anaconda.com/pkgs/main/linux-64/libidn2-2.3.2-h7f8727e_0.conda#3ce9977fc2669601f79a2eb360b95fe6
https://repo.anaconda.com/pkgs/main/linux-64/libpng-1.6.37-hbc83047_0.conda#689f903925dcf6c5ab7bc1de0f58b67b
https://repo.anaconda.com/pkgs/main/linux-64/libxml2-2.9.12-h03d6c58_0.conda#521d2ff23ffb87c5bf7e673ac780270b
https://repo.anaconda.com/pkgs/main/linux-64/nettle-3.7.3-hbbd107a_1.conda#9357ec2203a163a92a0337eb5e8e3356
https://repo.anaconda.com/pkgs/main/linux-64/openh264-2.1.0-hd408876_0.conda#8641d9ae108a575a2e1401f6a71fd278
https://repo.anaconda.com/pkgs/main/linux-64/readline-8.1-h27cfd23_0.conda#715789a38d447bc0cccc936209ac78c0
https://repo.anaconda.com/pkgs/main/linux-64/tk-8.6.11-h1ccaba5_0.conda#3a4fa2ce7262dc3e8f082a7c25e7451c
https://repo.anaconda.com/pkgs/main/linux-64/zeromq-4.3.4-h2531618_0.conda#45ce422428d9c98f354aec4b5cbd1046
https://repo.anaconda.com/pkgs/main/linux-64/zstd-1.4.9-haebb681_0.conda#2e81424da35919b0f552b9e5ba0a37ba
https://repo.anaconda.com/pkgs/main/linux-64/dbus-1.13.18-hb2f20db_0.conda#6a6a6f1391f807847404344489ef6cf4
https://repo.anaconda.com/pkgs/main/linux-64/freetype-2.11.0-h70c0345_0.conda#b767874a6273e1058027cb2e300d00ac
https://repo.anaconda.com/pkgs/main/linux-64/gnutls-3.6.15-he1e5248_0.conda#de368b69defbce286b7cec43efbd4187
https://repo.anaconda.com/pkgs/main/linux-64/gstreamer-1.14.0-h28cd5cc_2.conda#6af5d0cbd7310e1cd8a6a5c1c99649b2
https://repo.anaconda.com/pkgs/main/linux-64/libtiff-4.2.0-h85742a9_0.conda#a70887f6e46ea21d5e4e27685bd59ff9
https://repo.anaconda.com/pkgs/main/linux-64/sqlite-3.36.0-hc218d9a_0.conda#f917a337c8ef55f8536d6799af150b5a
https://conda.anaconda.org/pytorch/linux-64/ffmpeg-4.3-hf484d3e_0.tar.bz2#0b0bf7c3d7e146ef91de5310bbf7a230
https://repo.anaconda.com/pkgs/main/linux-64/fontconfig-2.13.1-h6c09931_0.conda#fa04e89166d4b44326c6d76e2f708715
https://repo.anaconda.com/pkgs/main/linux-64/gst-plugins-base-1.14.0-h8213a91_2.conda#838648422452405b86699e780e293c1d
https://repo.anaconda.com/pkgs/main/linux-64/lcms2-2.12-h3be6417_0.conda#719db47afba9f6586eecb5eacac70bff
https://repo.anaconda.com/pkgs/main/linux-64/libwebp-1.2.0-h89dd481_0.conda#dce6cb0ba5fa0097683adacece85aba3
https://repo.anaconda.com/pkgs/main/linux-64/python-3.9.7-h12debd9_1.conda#b3b5f154aca62e01eff1f12522090495
https://repo.anaconda.com/pkgs/main/noarch/async_generator-1.10-pyhd3eb1b0_0.tar.bz2#c1a2aee62319a0fd9a40460b5c1d3b54
https://repo.anaconda.com/pkgs/main/noarch/attrs-21.2.0-pyhd3eb1b0_0.conda#2a1943ec3b34c5231268f652ef688081
https://repo.anaconda.com/pkgs/main/noarch/backcall-0.2.0-pyhd3eb1b0_0.tar.bz2#b2aa5503875aba2f1d88cae9df9a96d5
https://repo.anaconda.com/pkgs/main/linux-64/certifi-2021.10.8-py39h06a4308_0.conda#3a79ff24d25f491dc672fc8cee7b2483
https://repo.anaconda.com/pkgs/main/noarch/charset-normalizer-2.0.4-pyhd3eb1b0_0.conda#e7a441d94234b2b5fafee06e25dbf076
https://repo.anaconda.com/pkgs/main/noarch/cycler-0.11.0-pyhd3eb1b0_0.conda#f5e365d2cdb66d547eb8c3ab93843aab
https://repo.anaconda.com/pkgs/main/linux-64/debugpy-1.5.1-py39h295c915_0.conda#a52eb9732c535aabc81326e572ff4e8d
https://repo.anaconda.com/pkgs/main/noarch/decorator-5.1.0-pyhd3eb1b0_0.conda#41701ec0d2ed5090596ab08fa2edcad4
https://repo.anaconda.com/pkgs/main/noarch/defusedxml-0.7.1-pyhd3eb1b0_0.conda#d912068b0729930972adcaac338882c0
https://repo.anaconda.com/pkgs/main/linux-64/entrypoints-0.3-py39h06a4308_0.conda#1cf0447ada1ff74c908f74b73238fa3d
https://repo.anaconda.com/pkgs/main/noarch/idna-3.3-pyhd3eb1b0_0.conda#8f43a528cf83b43af38a4d142fa38b8a
https://repo.anaconda.com/pkgs/main/noarch/ipython_genutils-0.2.0-pyhd3eb1b0_1.conda#553832c0b872a28088a0001fa2ba3822
https://repo.anaconda.com/pkgs/main/noarch/json5-0.9.6-pyhd3eb1b0_0.conda#4e721ee2dbfa20069719d2ee19185031
https://repo.anaconda.com/pkgs/main/linux-64/kiwisolver-1.3.1-py39h2531618_0.conda#edeba8798b0e099d3e80c1e054302990
https://repo.anaconda.com/pkgs/main/linux-64/markupsafe-2.0.1-py39h27cfd23_0.conda#3d55ebcb37453be6d5bddafb4509eab3
https://repo.anaconda.com/pkgs/main/linux-64/mistune-0.8.4-py39h27cfd23_1000.conda#b2649cc4dca6f4ab842491e845bb002c
https://repo.anaconda.com/pkgs/main/noarch/munkres-1.1.4-py_0.conda#148362ba07f92abab76999a680c80084
https://repo.anaconda.com/pkgs/main/noarch/nest-asyncio-1.5.1-pyhd3eb1b0_0.conda#de1248e84dd58965e5199beff21adedd
https://repo.anaconda.com/pkgs/main/linux-64/ninja-1.10.2-py39hd09550d_3.conda#2a6c5712dfdc5d2d9cbc87d498962167
https://repo.anaconda.com/pkgs/main/noarch/olefile-0.46-pyhd3eb1b0_0.conda#c7e71858c04ba247f46fe57fa3bf9570
https://repo.anaconda.com/pkgs/main/linux-64/pandocfilters-1.4.3-py39h06a4308_1.conda#6f5e39f4a7cb77f2c766ab11136d6d7a
https://repo.anaconda.com/pkgs/main/noarch/parso-0.8.2-pyhd3eb1b0_0.conda#61b08919ce91e786d6e8c0a413fad2c8
https://repo.anaconda.com/pkgs/main/noarch/pickleshare-0.7.5-pyhd3eb1b0_1003.conda#4a6363fd8dda664b95f99f7c5aa95abc
https://repo.anaconda.com/pkgs/main/noarch/prometheus_client-0.12.0-pyhd3eb1b0_0.conda#06687cf5d06a512afebd83cb06b4e2f7
https://repo.anaconda.com/pkgs/main/noarch/ptyprocess-0.7.0-pyhd3eb1b0_2.conda#7441d2827d4bfbcc1fa308875a146246
https://repo.anaconda.com/pkgs/main/noarch/pycparser-2.21-pyhd3eb1b0_0.conda#135a72ff2a31150a3a3ff0b1edd41ca9
https://repo.anaconda.com/pkgs/main/noarch/pyparsing-3.0.4-pyhd3eb1b0_0.conda#6bca2ae9c9aae9ccdebcb8cf2aa87cb3
https://repo.anaconda.com/pkgs/main/linux-64/pyrsistent-0.18.0-py39heee7806_0.conda#7be624ae84b3f39f6ff0db5b968109a3
https://repo.anaconda.com/pkgs/main/linux-64/pysocks-1.7.1-py39h06a4308_0.conda#0a2dc6c521fd674b11a99dea461c2d84
https://repo.anaconda.com/pkgs/main/noarch/pytz-2021.3-pyhd3eb1b0_0.conda#76415b791ffd2007687ac5f0665aa7af
https://repo.anaconda.com/pkgs/main/linux-64/pyzmq-22.3.0-py39h295c915_2.conda#173f8b2b58318d3c1e298628126672f8
https://repo.anaconda.com/pkgs/main/linux-64/qt-5.9.7-h5867ecd_1.conda#05507dbc35c46ac5a7066fc860a62341
https://repo.anaconda.com/pkgs/main/noarch/send2trash-1.8.0-pyhd3eb1b0_1.conda#bfa3c5c61a5a91e528a1d2d1e3cae6c9
https://repo.anaconda.com/pkgs/main/linux-64/sip-4.19.13-py39h2531618_0.conda#7792606e843566227e5aa2be184dd170
https://repo.anaconda.com/pkgs/main/noarch/six-1.16.0-pyhd3eb1b0_0.conda#529b369e1accc75b89f2d7e184a898d0
https://repo.anaconda.com/pkgs/main/linux-64/sniffio-1.2.0-py39h06a4308_1.conda#19afe6aee9d5ce1af860eb5734813fbd
https://repo.anaconda.com/pkgs/main/noarch/testpath-0.5.0-pyhd3eb1b0_0.conda#bd2a5c664c982e8637ae17b1662bd9a4
https://repo.anaconda.com/pkgs/main/linux-64/tornado-6.1-py39h27cfd23_0.conda#7843e2e995a512aa86ff6bfa396eabb2
https://repo.anaconda.com/pkgs/main/noarch/traitlets-5.1.1-pyhd3eb1b0_0.conda#675f60e84f695e63749b09f9ed464eda
https://repo.anaconda.com/pkgs/main/noarch/typing_extensions-3.10.0.2-pyh06a4308_0.conda#e35b6e4d7032324a65d1050637193d30
https://repo.anaconda.com/pkgs/main/noarch/wcwidth-0.2.5-pyhd3eb1b0_0.conda#ffa649340272c3f6466ba01da254c3b0
https://repo.anaconda.com/pkgs/main/linux-64/webencodings-0.5.1-py39h06a4308_1.conda#4a60ca4cc451f441031a8b6a0862121b
https://repo.anaconda.com/pkgs/main/noarch/wheel-0.37.0-pyhd3eb1b0_1.conda#a77f79d0c4c9875232459802b5eb5b20
https://repo.anaconda.com/pkgs/main/noarch/zipp-3.6.0-pyhd3eb1b0_0.conda#73a66487ef380660def64d37c31b05e4
https://repo.anaconda.com/pkgs/main/linux-64/anyio-2.2.0-py39h06a4308_1.conda#39d777bbbb848f547fb1e7925a256615
https://repo.anaconda.com/pkgs/main/noarch/babel-2.9.1-pyhd3eb1b0_0.conda#61575e8b70e18ebc54e65da5e441b861
https://repo.anaconda.com/pkgs/main/linux-64/cffi-1.14.6-py39h400218f_0.conda#fca4518c1c2e92c1d4656193fc3fe419
https://repo.anaconda.com/pkgs/main/noarch/fonttools-4.25.0-pyhd3eb1b0_0.conda#bb9c5b5a6d892fca5efe4bf0203b6a48
https://repo.anaconda.com/pkgs/main/linux-64/importlib-metadata-4.8.1-py39h06a4308_0.conda#f885b8a3dbd22b838d7cfbf270c5bf63
https://repo.anaconda.com/pkgs/main/linux-64/jedi-0.18.0-py39h06a4308_1.conda#a06adcf5a40fe50ec153cf547bf0e604
https://repo.anaconda.com/pkgs/main/noarch/jinja2-3.0.2-pyhd3eb1b0_0.conda#ccd11cab32c5f30e6a7ad0a42d65eb22
https://repo.anaconda.com/pkgs/main/linux-64/jupyter_core-4.9.1-py39h06a4308_0.conda#0b9f2d16bf946101366de34310aa98f3
https://repo.anaconda.com/pkgs/main/noarch/matplotlib-inline-0.1.2-pyhd3eb1b0_2.conda#47e865f8b884de7c5d516349e83457a7
https://repo.anaconda.com/pkgs/main/linux-64/mkl-service-2.3.0-py39he8ac12f_0.conda#08c9edbaa8d52f3c8fee4fcebd330a3d
https://repo.anaconda.com/pkgs/main/noarch/packaging-21.3-pyhd3eb1b0_0.conda#07bbfbb961db7fa329cc42716943ea62
https://repo.anaconda.com/pkgs/main/noarch/pexpect-4.8.0-pyhd3eb1b0_3.conda#765b2562d6cdd14bb6d44fc170a04331
https://repo.anaconda.com/pkgs/main/linux-64/pillow-8.4.0-py39h5aabda8_0.conda#fe12ba8f50f4c9fb7f97c29e24f7de04
https://repo.anaconda.com/pkgs/main/noarch/prompt-toolkit-3.0.20-pyhd3eb1b0_0.conda#19fa1fa6a03645e39e7dce3bdbe9d72f
https://repo.anaconda.com/pkgs/main/linux-64/pyqt-5.9.2-py39h2531618_6.conda#77b1f6263939dd4c554bfde93f2217bc
https://repo.anaconda.com/pkgs/main/noarch/python-dateutil-2.8.2-pyhd3eb1b0_0.conda#211ee00320b08a1ac9fea6677649f6c9
https://conda.anaconda.org/pytorch/linux-64/pytorch-1.10.0-py3.9_cuda11.3_cudnn8.2.0_0.tar.bz2#c9686fe12dc88a22b254487fda8526a9
https://repo.anaconda.com/pkgs/main/linux-64/setuptools-58.0.4-py39h06a4308_0.conda#7e17b9788eb5bf407d8eadc888ffe6a9
https://repo.anaconda.com/pkgs/main/linux-64/terminado-0.9.4-py39h06a4308_0.conda#13f9455337d11b92ad271f84f31e879b
https://repo.anaconda.com/pkgs/main/noarch/typing-extensions-3.10.0.2-hd3eb1b0_0.conda#4bd20a47640a2590b86d61997d35ce5c
https://repo.anaconda.com/pkgs/main/linux-64/argon2-cffi-20.1.0-py39h27cfd23_1.conda#d511b854c06c232018b909a1b80b3a75
https://repo.anaconda.com/pkgs/main/noarch/bleach-4.0.0-pyhd3eb1b0_0.conda#b815b0a429eb4f7f1d524ed07ccc2a5c
https://repo.anaconda.com/pkgs/main/linux-64/brotlipy-0.7.0-py39h27cfd23_1003.conda#be47bcffb9e3e7495897b02589f5ad1a
https://repo.anaconda.com/pkgs/main/linux-64/cryptography-35.0.0-py39hd23ed53_0.conda#29df7c6b3304b63244eac2cbb81e3302
https://repo.anaconda.com/pkgs/main/noarch/importlib_metadata-4.8.1-hd3eb1b0_0.conda#b3d06c7612755ea21aeabd9cca1b99cd
https://repo.anaconda.com/pkgs/main/noarch/jupyter_client-7.0.6-pyhd3eb1b0_0.conda#8148dd0a82f183ad3a6addfbc06069e2
https://repo.anaconda.com/pkgs/main/linux-64/numpy-base-1.19.2-py39h2ae0177_0.conda#562eca207b22a6681475f5cc88066d31
https://repo.anaconda.com/pkgs/main/linux-64/pip-21.2.4-py39h06a4308_0.conda#74bcf27ebb94020ea1c838279382cadf
https://repo.anaconda.com/pkgs/main/noarch/pygments-2.10.0-pyhd3eb1b0_0.conda#b067ae4115e6d884f47572ba8b77a30e
https://repo.anaconda.com/pkgs/main/linux-64/ipython-7.29.0-py39hb070fc8_0.conda#1679d14f6ec6af05468309373b16c6f4
https://repo.anaconda.com/pkgs/main/noarch/jsonschema-3.2.0-pyhd3eb1b0_2.conda#f99ed6aed7a8640afc5eda05ad5cc03f
https://repo.anaconda.com/pkgs/main/noarch/jupyterlab_pygments-0.1.2-py_0.conda#af46aff4922ca45df6ba19b313df6070
https://repo.anaconda.com/pkgs/main/linux-64/mkl_random-1.0.2-py39h63df603_0.conda#cb7d56b724c6475c64d9f83c7e60ceee
https://repo.anaconda.com/pkgs/main/noarch/pyopenssl-21.0.0-pyhd3eb1b0_1.conda#746be81549dbafdd5de39bba883006a1
https://repo.anaconda.com/pkgs/main/linux-64/ipykernel-6.4.1-py39h06a4308_1.conda#bfb323ce72a0787939d2412529a8063f
https://repo.anaconda.com/pkgs/main/noarch/nbformat-5.1.3-pyhd3eb1b0_0.conda#d8b6b5ed39758cfac0c13000fbea7f2e
https://repo.anaconda.com/pkgs/main/noarch/urllib3-1.26.7-pyhd3eb1b0_0.conda#e17184b31cca4681ee0ab27abf546987
https://repo.anaconda.com/pkgs/main/noarch/nbclient-0.5.3-pyhd3eb1b0_0.conda#b92330415e6f74136f059edc992586f7
https://repo.anaconda.com/pkgs/main/noarch/requests-2.26.0-pyhd3eb1b0_0.conda#29d0283ebbb15ec55e7b61f1bf75328d
https://repo.anaconda.com/pkgs/main/linux-64/nbconvert-6.1.0-py39h06a4308_0.conda#1097c2e4f3b0d085cbb08755631b3c72
https://repo.anaconda.com/pkgs/main/linux-64/jupyter_server-1.4.1-py39h06a4308_0.conda#96044b502366d838feb0e5dc9c719ae6
https://repo.anaconda.com/pkgs/main/linux-64/notebook-6.4.6-py39h06a4308_0.conda#7ef24660c112218591231669de098ae1
https://repo.anaconda.com/pkgs/main/noarch/jupyterlab_server-2.8.2-pyhd3eb1b0_0.conda#c3a0754ef76ed5076754a76dc406c1e9
https://repo.anaconda.com/pkgs/main/noarch/nbclassic-0.2.6-pyhd3eb1b0_0.conda#f704f65d82c2e9061f47a351bd770d79
https://repo.anaconda.com/pkgs/main/noarch/jupyterlab-3.2.1-pyhd3eb1b0_1.conda#79188c184d6788bade27fc7f2ed43276
https://repo.anaconda.com/pkgs/main/linux-64/bottleneck-1.3.2-py39hdd57654_1.conda#b88c90705a1a4eb1a2463bccd7e879a7
https://repo.anaconda.com/pkgs/main/linux-64/matplotlib-3.5.0-py39h06a4308_0.conda#84b7f90772548c8fe7e0cab7e8a1e6ad
https://repo.anaconda.com/pkgs/main/linux-64/matplotlib-base-3.5.0-py39h3ed280b_0.conda#66981126290aa32ff89a9f91c03f29a1
https://repo.anaconda.com/pkgs/main/linux-64/mkl_fft-1.3.0-py39h54f3939_0.conda#89501dfd25438e3e2d22b74af169cde4
https://repo.anaconda.com/pkgs/main/linux-64/numpy-1.19.2-py39h89c1606_0.conda#93324e78be8981e874c28d3c2ba089ee
https://repo.anaconda.com/pkgs/main/linux-64/numexpr-2.7.3-py39hb2eb853_0.conda#366f852bb183565ce05188dc1a0c226f
https://repo.anaconda.com/pkgs/main/linux-64/scipy-1.6.2-py39h91f5cce_0.conda#c7a9a6001b3fbb3e4ad04d2f6e19dbce
https://conda.anaconda.org/pytorch/linux-64/torchvision-0.11.1-py39_cu113.tar.bz2#b8eb2813470f3c87c1a07deb8b47ba42
https://repo.anaconda.com/pkgs/main/linux-64/pandas-1.3.4-py39h8c16a72_0.conda#f0c533fb12d7adeba1989c9654182dc7
https://repo.anaconda.com/pkgs/main/noarch/xarray-0.19.0-pyhd3eb1b0_1.conda#03b7e26019b1baa5c51506034bfd5838
